// !$*UTF8*$!
{
	archiveVersion = 1;
	classes = {
	};
	objectVersion = 56;
	objects = {

/* Begin PBXBuildFile section */
		711945F92C5691AE003E9C2D /* DataScannerView.swift in Sources */ = {isa = PBXBuildFile; fileRef = 711945F82C5691AE003E9C2D /* DataScannerView.swift */; };
		711945FB2C569216003E9C2D /* ScanViewModel.swift in Sources */ = {isa = PBXBuildFile; fileRef = 711945FA2C569216003E9C2D /* ScanViewModel.swift */; };
		711945FD2C5692BF003E9C2D /* ScanView.swift in Sources */ = {isa = PBXBuildFile; fileRef = 711945FC2C5692BF003E9C2D /* ScanView.swift */; };
		71267BF02C308957001FE59F /* SideMenu.swift in Sources */ = {isa = PBXBuildFile; fileRef = 71267BEF2C308957001FE59F /* SideMenu.swift */; };
		71267BF22C308A73001FE59F /* SideMenuView.swift in Sources */ = {isa = PBXBuildFile; fileRef = 71267BF12C308A73001FE59F /* SideMenuView.swift */; };
		71267BF42C308ADF001FE59F /* SideMenuRowType.swift in Sources */ = {isa = PBXBuildFile; fileRef = 71267BF32C308ADF001FE59F /* SideMenuRowType.swift */; };
		713DCE852C5DA036007F934F /* MenuDetailView.swift in Sources */ = {isa = PBXBuildFile; fileRef = 713DCE842C5DA036007F934F /* MenuDetailView.swift */; };
		714CCD2F2C420080002BC9A4 /* Image++Extension.swift in Sources */ = {isa = PBXBuildFile; fileRef = 714CCD2E2C420080002BC9A4 /* Image++Extension.swift */; };
		7170987A2C2B13A200394F9D /* ResetPasswordView.swift in Sources */ = {isa = PBXBuildFile; fileRef = 717098792C2B13A200394F9D /* ResetPasswordView.swift */; };
		7170987C2C2B2CD400394F9D /* LaunchScreen.storyboard in Resources */ = {isa = PBXBuildFile; fileRef = 7170987B2C2B2CD400394F9D /* LaunchScreen.storyboard */; };
		7170987E2C2B336200394F9D /* View++Extension.swift in Sources */ = {isa = PBXBuildFile; fileRef = 7170987D2C2B336200394F9D /* View++Extension.swift */; };
		717098832C2B3C3E00394F9D /* FirebaseAnalytics in Frameworks */ = {isa = PBXBuildFile; productRef = 717098822C2B3C3E00394F9D /* FirebaseAnalytics */; };
		717098852C2B3C3E00394F9D /* FirebaseAnalyticsOnDeviceConversion in Frameworks */ = {isa = PBXBuildFile; productRef = 717098842C2B3C3E00394F9D /* FirebaseAnalyticsOnDeviceConversion */; };
		717098872C2B3C3E00394F9D /* FirebaseAnalyticsSwift in Frameworks */ = {isa = PBXBuildFile; productRef = 717098862C2B3C3E00394F9D /* FirebaseAnalyticsSwift */; };
		717098892C2B3C3E00394F9D /* FirebaseAnalyticsWithoutAdIdSupport in Frameworks */ = {isa = PBXBuildFile; productRef = 717098882C2B3C3E00394F9D /* FirebaseAnalyticsWithoutAdIdSupport */; };
		7170988B2C2B3C3E00394F9D /* FirebaseAppCheck in Frameworks */ = {isa = PBXBuildFile; productRef = 7170988A2C2B3C3E00394F9D /* FirebaseAppCheck */; };
		717A32172C51C1B20072AC58 /* MealCellView.swift in Sources */ = {isa = PBXBuildFile; fileRef = 717A32112C51C1B10072AC58 /* MealCellView.swift */; };
		717A32182C51C1B20072AC58 /* MealsView.swift in Sources */ = {isa = PBXBuildFile; fileRef = 717A32122C51C1B10072AC58 /* MealsView.swift */; };
		717A32192C51C1B20072AC58 /* MealCell.swift in Sources */ = {isa = PBXBuildFile; fileRef = 717A32132C51C1B10072AC58 /* MealCell.swift */; };
		717A321A2C51C1B20072AC58 /* Meal.swift in Sources */ = {isa = PBXBuildFile; fileRef = 717A32142C51C1B20072AC58 /* Meal.swift */; };
		717A321B2C51C1B20072AC58 /* MealDetailView.swift in Sources */ = {isa = PBXBuildFile; fileRef = 717A32152C51C1B20072AC58 /* MealDetailView.swift */; };
		717A321C2C51C1B20072AC58 /* MealsViewModel.swift in Sources */ = {isa = PBXBuildFile; fileRef = 717A32162C51C1B20072AC58 /* MealsViewModel.swift */; };
		71878D212C1FBB0900FB4A85 /* Kennys_Meals_AdminApp.swift in Sources */ = {isa = PBXBuildFile; fileRef = 71878D202C1FBB0900FB4A85 /* Kennys_Meals_AdminApp.swift */; };
		71878D252C1FBB0B00FB4A85 /* Assets.xcassets in Resources */ = {isa = PBXBuildFile; fileRef = 71878D242C1FBB0B00FB4A85 /* Assets.xcassets */; };
		71878D282C1FBB0B00FB4A85 /* Preview Assets.xcassets in Resources */ = {isa = PBXBuildFile; fileRef = 71878D272C1FBB0B00FB4A85 /* Preview Assets.xcassets */; };
		71878D322C1FBB0C00FB4A85 /* Kennys_Meals_AdminTests.swift in Sources */ = {isa = PBXBuildFile; fileRef = 71878D312C1FBB0C00FB4A85 /* Kennys_Meals_AdminTests.swift */; };
		71878D3C2C1FBB0C00FB4A85 /* Kennys_Meals_AdminUITests.swift in Sources */ = {isa = PBXBuildFile; fileRef = 71878D3B2C1FBB0C00FB4A85 /* Kennys_Meals_AdminUITests.swift */; };
		71878D3E2C1FBB0C00FB4A85 /* Kennys_Meals_AdminUITestsLaunchTests.swift in Sources */ = {isa = PBXBuildFile; fileRef = 71878D3D2C1FBB0C00FB4A85 /* Kennys_Meals_AdminUITestsLaunchTests.swift */; };
		71B5730F2C52855F006391A0 /* MenuView.swift in Sources */ = {isa = PBXBuildFile; fileRef = 71B5730E2C52855F006391A0 /* MenuView.swift */; };
		71B573112C528734006391A0 /* MenuViewModel.swift in Sources */ = {isa = PBXBuildFile; fileRef = 71B573102C528734006391A0 /* MenuViewModel.swift */; };
		71B573132C5287AB006391A0 /* MenuCell.swift in Sources */ = {isa = PBXBuildFile; fileRef = 71B573122C5287AB006391A0 /* MenuCell.swift */; };
		71B573152C528DE4006391A0 /* MenuCellView.swift in Sources */ = {isa = PBXBuildFile; fileRef = 71B573142C528DE4006391A0 /* MenuCellView.swift */; };
		71C796BC2C2C9E5C00B9624C /* AuthError.swift in Sources */ = {isa = PBXBuildFile; fileRef = 71C796BB2C2C9E5C00B9624C /* AuthError.swift */; };
		71C796BE2C2C9FF900B9624C /* User.swift in Sources */ = {isa = PBXBuildFile; fileRef = 71C796BD2C2C9FF900B9624C /* User.swift */; };
		71C796C02C2CA85F00B9624C /* HomeView.swift in Sources */ = {isa = PBXBuildFile; fileRef = 71C796BF2C2CA85F00B9624C /* HomeView.swift */; };
		71C796C32C2F559300B9624C /* GoogleSignIn in Frameworks */ = {isa = PBXBuildFile; productRef = 71C796C22C2F559300B9624C /* GoogleSignIn */; };
		71C796C52C2F559300B9624C /* GoogleSignInSwift in Frameworks */ = {isa = PBXBuildFile; productRef = 71C796C42C2F559300B9624C /* GoogleSignInSwift */; };
		71C9AB082C27607A00400D0B /* LoginView.swift in Sources */ = {isa = PBXBuildFile; fileRef = 71C9AB072C27607A00400D0B /* LoginView.swift */; };
		71C9AB0A2C27609600400D0B /* Habitat.swift in Sources */ = {isa = PBXBuildFile; fileRef = 71C9AB092C27609600400D0B /* Habitat.swift */; };
		71C9AB0C2C2761F800400D0B /* HabitatView.swift in Sources */ = {isa = PBXBuildFile; fileRef = 71C9AB0B2C2761F800400D0B /* HabitatView.swift */; };
		71C9AB0E2C27628000400D0B /* AppScene.swift in Sources */ = {isa = PBXBuildFile; fileRef = 71C9AB0D2C27628000400D0B /* AppScene.swift */; };
		71F14C902C4244E800D4F99E /* Double++Extension.swift in Sources */ = {isa = PBXBuildFile; fileRef = 71F14C8F2C4244E800D4F99E /* Double++Extension.swift */; };
		71F14C942C4726C000D4F99E /* UIImage++Extension.swift in Sources */ = {isa = PBXBuildFile; fileRef = 71F14C932C4726C000D4F99E /* UIImage++Extension.swift */; };
		71F14C962C4858E600D4F99E /* Int++Extension.swift in Sources */ = {isa = PBXBuildFile; fileRef = 71F14C952C4858E600D4F99E /* Int++Extension.swift */; };
		71F6930C2C2C9B4C00A476A3 /* LoginViewModel.swift in Sources */ = {isa = PBXBuildFile; fileRef = 71F6930B2C2C9B4C00A476A3 /* LoginViewModel.swift */; };
		71F6930E2C2C9C8700A476A3 /* GoogleService-Info.plist in Resources */ = {isa = PBXBuildFile; fileRef = 71F6930D2C2C9C8700A476A3 /* GoogleService-Info.plist */; };
		71F693102C2C9D0B00A476A3 /* FirebaseAuth in Frameworks */ = {isa = PBXBuildFile; productRef = 71F6930F2C2C9D0B00A476A3 /* FirebaseAuth */; };
		71F693122C2C9D0B00A476A3 /* FirebaseAuthCombine-Community in Frameworks */ = {isa = PBXBuildFile; productRef = 71F693112C2C9D0B00A476A3 /* FirebaseAuthCombine-Community */; };
		71F693142C2C9D0B00A476A3 /* FirebaseDynamicLinks in Frameworks */ = {isa = PBXBuildFile; productRef = 71F693132C2C9D0B00A476A3 /* FirebaseDynamicLinks */; };
		71F693162C2C9D0B00A476A3 /* FirebaseFirestore in Frameworks */ = {isa = PBXBuildFile; productRef = 71F693152C2C9D0B00A476A3 /* FirebaseFirestore */; };
		71F693182C2C9D0B00A476A3 /* FirebaseFirestoreCombine-Community in Frameworks */ = {isa = PBXBuildFile; productRef = 71F693172C2C9D0B00A476A3 /* FirebaseFirestoreCombine-Community */; };
		71F6931A2C2C9D0B00A476A3 /* FirebaseFirestoreSwift in Frameworks */ = {isa = PBXBuildFile; productRef = 71F693192C2C9D0B00A476A3 /* FirebaseFirestoreSwift */; };
		71F6931C2C2C9D0B00A476A3 /* FirebaseStorage in Frameworks */ = {isa = PBXBuildFile; productRef = 71F6931B2C2C9D0B00A476A3 /* FirebaseStorage */; };
		71F6931E2C2C9D0B00A476A3 /* FirebaseStorageCombine-Community in Frameworks */ = {isa = PBXBuildFile; productRef = 71F6931D2C2C9D0B00A476A3 /* FirebaseStorageCombine-Community */; };
/* End PBXBuildFile section */

/* Begin PBXContainerItemProxy section */
		71878D2E2C1FBB0B00FB4A85 /* PBXContainerItemProxy */ = {
			isa = PBXContainerItemProxy;
			containerPortal = 71878D152C1FBB0900FB4A85 /* Project object */;
			proxyType = 1;
			remoteGlobalIDString = 71878D1C2C1FBB0900FB4A85;
			remoteInfo = "Kennys Meals Admin";
		};
		71878D382C1FBB0C00FB4A85 /* PBXContainerItemProxy */ = {
			isa = PBXContainerItemProxy;
			containerPortal = 71878D152C1FBB0900FB4A85 /* Project object */;
			proxyType = 1;
			remoteGlobalIDString = 71878D1C2C1FBB0900FB4A85;
			remoteInfo = "Kennys Meals Admin";
		};
/* End PBXContainerItemProxy section */

/* Begin PBXFileReference section */
		711945F82C5691AE003E9C2D /* DataScannerView.swift */ = {isa = PBXFileReference; fileEncoding = 4; lastKnownFileType = sourcecode.swift; path = DataScannerView.swift; sourceTree = "<group>"; };
		711945FA2C569216003E9C2D /* ScanViewModel.swift */ = {isa = PBXFileReference; lastKnownFileType = sourcecode.swift; path = ScanViewModel.swift; sourceTree = "<group>"; };
		711945FC2C5692BF003E9C2D /* ScanView.swift */ = {isa = PBXFileReference; lastKnownFileType = sourcecode.swift; path = ScanView.swift; sourceTree = "<group>"; };
		71267BEF2C308957001FE59F /* SideMenu.swift */ = {isa = PBXFileReference; lastKnownFileType = sourcecode.swift; path = SideMenu.swift; sourceTree = "<group>"; };
		71267BF12C308A73001FE59F /* SideMenuView.swift */ = {isa = PBXFileReference; lastKnownFileType = sourcecode.swift; path = SideMenuView.swift; sourceTree = "<group>"; };
		71267BF32C308ADF001FE59F /* SideMenuRowType.swift */ = {isa = PBXFileReference; lastKnownFileType = sourcecode.swift; path = SideMenuRowType.swift; sourceTree = "<group>"; };
		713DCE842C5DA036007F934F /* MenuDetailView.swift */ = {isa = PBXFileReference; lastKnownFileType = sourcecode.swift; path = MenuDetailView.swift; sourceTree = "<group>"; };
		714CCD2E2C420080002BC9A4 /* Image++Extension.swift */ = {isa = PBXFileReference; lastKnownFileType = sourcecode.swift; path = "Image++Extension.swift"; sourceTree = "<group>"; };
		717098792C2B13A200394F9D /* ResetPasswordView.swift */ = {isa = PBXFileReference; lastKnownFileType = sourcecode.swift; path = ResetPasswordView.swift; sourceTree = "<group>"; };
		7170987B2C2B2CD400394F9D /* LaunchScreen.storyboard */ = {isa = PBXFileReference; lastKnownFileType = file.storyboard; path = LaunchScreen.storyboard; sourceTree = "<group>"; };
		7170987D2C2B336200394F9D /* View++Extension.swift */ = {isa = PBXFileReference; lastKnownFileType = sourcecode.swift; path = "View++Extension.swift"; sourceTree = "<group>"; };
		717A32112C51C1B10072AC58 /* MealCellView.swift */ = {isa = PBXFileReference; fileEncoding = 4; lastKnownFileType = sourcecode.swift; path = MealCellView.swift; sourceTree = "<group>"; };
		717A32122C51C1B10072AC58 /* MealsView.swift */ = {isa = PBXFileReference; fileEncoding = 4; lastKnownFileType = sourcecode.swift; path = MealsView.swift; sourceTree = "<group>"; };
		717A32132C51C1B10072AC58 /* MealCell.swift */ = {isa = PBXFileReference; fileEncoding = 4; lastKnownFileType = sourcecode.swift; path = MealCell.swift; sourceTree = "<group>"; };
		717A32142C51C1B20072AC58 /* Meal.swift */ = {isa = PBXFileReference; fileEncoding = 4; lastKnownFileType = sourcecode.swift; path = Meal.swift; sourceTree = "<group>"; };
		717A32152C51C1B20072AC58 /* MealDetailView.swift */ = {isa = PBXFileReference; fileEncoding = 4; lastKnownFileType = sourcecode.swift; path = MealDetailView.swift; sourceTree = "<group>"; };
		717A32162C51C1B20072AC58 /* MealsViewModel.swift */ = {isa = PBXFileReference; fileEncoding = 4; lastKnownFileType = sourcecode.swift; path = MealsViewModel.swift; sourceTree = "<group>"; };
		71878D1D2C1FBB0900FB4A85 /* Kennys Meals Admin.app */ = {isa = PBXFileReference; explicitFileType = wrapper.application; includeInIndex = 0; path = "Kennys Meals Admin.app"; sourceTree = BUILT_PRODUCTS_DIR; };
		71878D202C1FBB0900FB4A85 /* Kennys_Meals_AdminApp.swift */ = {isa = PBXFileReference; lastKnownFileType = sourcecode.swift; path = Kennys_Meals_AdminApp.swift; sourceTree = "<group>"; };
		71878D242C1FBB0B00FB4A85 /* Assets.xcassets */ = {isa = PBXFileReference; lastKnownFileType = folder.assetcatalog; path = Assets.xcassets; sourceTree = "<group>"; };
		71878D272C1FBB0B00FB4A85 /* Preview Assets.xcassets */ = {isa = PBXFileReference; lastKnownFileType = folder.assetcatalog; path = "Preview Assets.xcassets"; sourceTree = "<group>"; };
		71878D2D2C1FBB0B00FB4A85 /* Kennys Meals AdminTests.xctest */ = {isa = PBXFileReference; explicitFileType = wrapper.cfbundle; includeInIndex = 0; path = "Kennys Meals AdminTests.xctest"; sourceTree = BUILT_PRODUCTS_DIR; };
		71878D312C1FBB0C00FB4A85 /* Kennys_Meals_AdminTests.swift */ = {isa = PBXFileReference; lastKnownFileType = sourcecode.swift; path = Kennys_Meals_AdminTests.swift; sourceTree = "<group>"; };
		71878D372C1FBB0C00FB4A85 /* Kennys Meals AdminUITests.xctest */ = {isa = PBXFileReference; explicitFileType = wrapper.cfbundle; includeInIndex = 0; path = "Kennys Meals AdminUITests.xctest"; sourceTree = BUILT_PRODUCTS_DIR; };
		71878D3B2C1FBB0C00FB4A85 /* Kennys_Meals_AdminUITests.swift */ = {isa = PBXFileReference; lastKnownFileType = sourcecode.swift; path = Kennys_Meals_AdminUITests.swift; sourceTree = "<group>"; };
		71878D3D2C1FBB0C00FB4A85 /* Kennys_Meals_AdminUITestsLaunchTests.swift */ = {isa = PBXFileReference; lastKnownFileType = sourcecode.swift; path = Kennys_Meals_AdminUITestsLaunchTests.swift; sourceTree = "<group>"; };
		71B5730E2C52855F006391A0 /* MenuView.swift */ = {isa = PBXFileReference; lastKnownFileType = sourcecode.swift; path = MenuView.swift; sourceTree = "<group>"; };
		71B573102C528734006391A0 /* MenuViewModel.swift */ = {isa = PBXFileReference; lastKnownFileType = sourcecode.swift; path = MenuViewModel.swift; sourceTree = "<group>"; };
		71B573122C5287AB006391A0 /* MenuCell.swift */ = {isa = PBXFileReference; lastKnownFileType = sourcecode.swift; path = MenuCell.swift; sourceTree = "<group>"; };
		71B573142C528DE4006391A0 /* MenuCellView.swift */ = {isa = PBXFileReference; lastKnownFileType = sourcecode.swift; path = MenuCellView.swift; sourceTree = "<group>"; };
		71C796BB2C2C9E5C00B9624C /* AuthError.swift */ = {isa = PBXFileReference; lastKnownFileType = sourcecode.swift; path = AuthError.swift; sourceTree = "<group>"; };
		71C796BD2C2C9FF900B9624C /* User.swift */ = {isa = PBXFileReference; lastKnownFileType = sourcecode.swift; path = User.swift; sourceTree = "<group>"; };
		71C796BF2C2CA85F00B9624C /* HomeView.swift */ = {isa = PBXFileReference; lastKnownFileType = sourcecode.swift; path = HomeView.swift; sourceTree = "<group>"; };
		71C796C62C2F5FA700B9624C /* Kennys-Meals-Admin-Info.plist */ = {isa = PBXFileReference; lastKnownFileType = text.plist; path = "Kennys-Meals-Admin-Info.plist"; sourceTree = SOURCE_ROOT; };
		71C9AB072C27607A00400D0B /* LoginView.swift */ = {isa = PBXFileReference; lastKnownFileType = sourcecode.swift; path = LoginView.swift; sourceTree = "<group>"; };
		71C9AB092C27609600400D0B /* Habitat.swift */ = {isa = PBXFileReference; lastKnownFileType = sourcecode.swift; path = Habitat.swift; sourceTree = "<group>"; };
		71C9AB0B2C2761F800400D0B /* HabitatView.swift */ = {isa = PBXFileReference; lastKnownFileType = sourcecode.swift; path = HabitatView.swift; sourceTree = "<group>"; };
		71C9AB0D2C27628000400D0B /* AppScene.swift */ = {isa = PBXFileReference; lastKnownFileType = sourcecode.swift; path = AppScene.swift; sourceTree = "<group>"; };
		71F14C8F2C4244E800D4F99E /* Double++Extension.swift */ = {isa = PBXFileReference; lastKnownFileType = sourcecode.swift; path = "Double++Extension.swift"; sourceTree = "<group>"; };
		71F14C932C4726C000D4F99E /* UIImage++Extension.swift */ = {isa = PBXFileReference; lastKnownFileType = sourcecode.swift; path = "UIImage++Extension.swift"; sourceTree = "<group>"; };
		71F14C952C4858E600D4F99E /* Int++Extension.swift */ = {isa = PBXFileReference; lastKnownFileType = sourcecode.swift; path = "Int++Extension.swift"; sourceTree = "<group>"; };
		71F6930B2C2C9B4C00A476A3 /* LoginViewModel.swift */ = {isa = PBXFileReference; lastKnownFileType = sourcecode.swift; path = LoginViewModel.swift; sourceTree = "<group>"; };
		71F6930D2C2C9C8700A476A3 /* GoogleService-Info.plist */ = {isa = PBXFileReference; fileEncoding = 4; lastKnownFileType = text.plist.xml; path = "GoogleService-Info.plist"; sourceTree = "<group>"; };
/* End PBXFileReference section */

/* Begin PBXFrameworksBuildPhase section */
		71878D1A2C1FBB0900FB4A85 /* Frameworks */ = {
			isa = PBXFrameworksBuildPhase;
			buildActionMask = 2147483647;
			files = (
				71C796C52C2F559300B9624C /* GoogleSignInSwift in Frameworks */,
				717098872C2B3C3E00394F9D /* FirebaseAnalyticsSwift in Frameworks */,
				71F693102C2C9D0B00A476A3 /* FirebaseAuth in Frameworks */,
				717098832C2B3C3E00394F9D /* FirebaseAnalytics in Frameworks */,
				71F6931E2C2C9D0B00A476A3 /* FirebaseStorageCombine-Community in Frameworks */,
				71F693182C2C9D0B00A476A3 /* FirebaseFirestoreCombine-Community in Frameworks */,
				71F693142C2C9D0B00A476A3 /* FirebaseDynamicLinks in Frameworks */,
				71F6931C2C2C9D0B00A476A3 /* FirebaseStorage in Frameworks */,
				71F6931A2C2C9D0B00A476A3 /* FirebaseFirestoreSwift in Frameworks */,
				717098852C2B3C3E00394F9D /* FirebaseAnalyticsOnDeviceConversion in Frameworks */,
				71F693162C2C9D0B00A476A3 /* FirebaseFirestore in Frameworks */,
				7170988B2C2B3C3E00394F9D /* FirebaseAppCheck in Frameworks */,
				71F693122C2C9D0B00A476A3 /* FirebaseAuthCombine-Community in Frameworks */,
				717098892C2B3C3E00394F9D /* FirebaseAnalyticsWithoutAdIdSupport in Frameworks */,
				71C796C32C2F559300B9624C /* GoogleSignIn in Frameworks */,
			);
			runOnlyForDeploymentPostprocessing = 0;
		};
		71878D2A2C1FBB0B00FB4A85 /* Frameworks */ = {
			isa = PBXFrameworksBuildPhase;
			buildActionMask = 2147483647;
			files = (
			);
			runOnlyForDeploymentPostprocessing = 0;
		};
		71878D342C1FBB0C00FB4A85 /* Frameworks */ = {
			isa = PBXFrameworksBuildPhase;
			buildActionMask = 2147483647;
			files = (
			);
			runOnlyForDeploymentPostprocessing = 0;
		};
/* End PBXFrameworksBuildPhase section */

/* Begin PBXGroup section */
		71267BF52C309AF7001FE59F /* LoginViews */ = {
			isa = PBXGroup;
			children = (
				71C9AB072C27607A00400D0B /* LoginView.swift */,
				71F6930B2C2C9B4C00A476A3 /* LoginViewModel.swift */,
				71C796BB2C2C9E5C00B9624C /* AuthError.swift */,
				717098792C2B13A200394F9D /* ResetPasswordView.swift */,
			);
			path = LoginViews;
			sourceTree = "<group>";
		};
		71267BF62C309B1B001FE59F /* Habitat */ = {
			isa = PBXGroup;
			children = (
				71C796BD2C2C9FF900B9624C /* User.swift */,
				71C9AB092C27609600400D0B /* Habitat.swift */,
				71C9AB0B2C2761F800400D0B /* HabitatView.swift */,
			);
			path = Habitat;
			sourceTree = "<group>";
		};
		71267BF72C309B31001FE59F /* SideMenu */ = {
			isa = PBXGroup;
			children = (
				71267BEF2C308957001FE59F /* SideMenu.swift */,
				71267BF12C308A73001FE59F /* SideMenuView.swift */,
				71267BF32C308ADF001FE59F /* SideMenuRowType.swift */,
			);
			path = SideMenu;
			sourceTree = "<group>";
		};
		71878D142C1FBB0900FB4A85 = {
			isa = PBXGroup;
			children = (
				71878D1F2C1FBB0900FB4A85 /* Kennys Meals Admin */,
				71878D302C1FBB0C00FB4A85 /* Kennys Meals AdminTests */,
				71878D3A2C1FBB0C00FB4A85 /* Kennys Meals AdminUITests */,
				71878D1E2C1FBB0900FB4A85 /* Products */,
			);
			sourceTree = "<group>";
		};
		71878D1E2C1FBB0900FB4A85 /* Products */ = {
			isa = PBXGroup;
			children = (
				71878D1D2C1FBB0900FB4A85 /* Kennys Meals Admin.app */,
				71878D2D2C1FBB0B00FB4A85 /* Kennys Meals AdminTests.xctest */,
				71878D372C1FBB0C00FB4A85 /* Kennys Meals AdminUITests.xctest */,
			);
			name = Products;
			sourceTree = "<group>";
		};
		71878D1F2C1FBB0900FB4A85 /* Kennys Meals Admin */ = {
			isa = PBXGroup;
			children = (
				71C796C62C2F5FA700B9624C /* Kennys-Meals-Admin-Info.plist */,
				71878D202C1FBB0900FB4A85 /* Kennys_Meals_AdminApp.swift */,
				71C9AB0D2C27628000400D0B /* AppScene.swift */,
				71267BF62C309B1B001FE59F /* Habitat */,
				71267BF52C309AF7001FE59F /* LoginViews */,
				71267BF72C309B31001FE59F /* SideMenu */,
				71C796BF2C2CA85F00B9624C /* HomeView.swift */,
				71B5730D2C52853A006391A0 /* MealsView */,
				71B5730E2C52855F006391A0 /* MenuView.swift */,
				71B573102C528734006391A0 /* MenuViewModel.swift */,
				71B573122C5287AB006391A0 /* MenuCell.swift */,
				71B573142C528DE4006391A0 /* MenuCellView.swift */,
				713DCE842C5DA036007F934F /* MenuDetailView.swift */,
				71878D242C1FBB0B00FB4A85 /* Assets.xcassets */,
				7170987B2C2B2CD400394F9D /* LaunchScreen.storyboard */,
				71F14C932C4726C000D4F99E /* UIImage++Extension.swift */,
				71F14C952C4858E600D4F99E /* Int++Extension.swift */,
				7170987D2C2B336200394F9D /* View++Extension.swift */,
				714CCD2E2C420080002BC9A4 /* Image++Extension.swift */,
				71F14C8F2C4244E800D4F99E /* Double++Extension.swift */,
				71F6930D2C2C9C8700A476A3 /* GoogleService-Info.plist */,
				71878D262C1FBB0B00FB4A85 /* Preview Content */,
			);
			path = "Kennys Meals Admin";
			sourceTree = "<group>";
		};
		71878D262C1FBB0B00FB4A85 /* Preview Content */ = {
			isa = PBXGroup;
			children = (
				71878D272C1FBB0B00FB4A85 /* Preview Assets.xcassets */,
			);
			path = "Preview Content";
			sourceTree = "<group>";
		};
		71878D302C1FBB0C00FB4A85 /* Kennys Meals AdminTests */ = {
			isa = PBXGroup;
			children = (
				71878D312C1FBB0C00FB4A85 /* Kennys_Meals_AdminTests.swift */,
			);
			path = "Kennys Meals AdminTests";
			sourceTree = "<group>";
		};
		71878D3A2C1FBB0C00FB4A85 /* Kennys Meals AdminUITests */ = {
			isa = PBXGroup;
			children = (
				71878D3B2C1FBB0C00FB4A85 /* Kennys_Meals_AdminUITests.swift */,
				71878D3D2C1FBB0C00FB4A85 /* Kennys_Meals_AdminUITestsLaunchTests.swift */,
			);
			path = "Kennys Meals AdminUITests";
			sourceTree = "<group>";
		};
		71B5730D2C52853A006391A0 /* MealsView */ = {
			isa = PBXGroup;
			children = (
				711945F82C5691AE003E9C2D /* DataScannerView.swift */,
				717A32142C51C1B20072AC58 /* Meal.swift */,
				717A32132C51C1B10072AC58 /* MealCell.swift */,
				717A32112C51C1B10072AC58 /* MealCellView.swift */,
				717A32152C51C1B20072AC58 /* MealDetailView.swift */,
				717A32122C51C1B10072AC58 /* MealsView.swift */,
				717A32162C51C1B20072AC58 /* MealsViewModel.swift */,
				711945FA2C569216003E9C2D /* ScanViewModel.swift */,
				711945FC2C5692BF003E9C2D /* ScanView.swift */,
			);
			path = MealsView;
			sourceTree = "<group>";
		};
/* End PBXGroup section */

/* Begin PBXNativeTarget section */
		71878D1C2C1FBB0900FB4A85 /* Kennys Meals Admin */ = {
			isa = PBXNativeTarget;
			buildConfigurationList = 71878D412C1FBB0C00FB4A85 /* Build configuration list for PBXNativeTarget "Kennys Meals Admin" */;
			buildPhases = (
				71878D192C1FBB0900FB4A85 /* Sources */,
				71878D1A2C1FBB0900FB4A85 /* Frameworks */,
				71878D1B2C1FBB0900FB4A85 /* Resources */,
			);
			buildRules = (
			);
			dependencies = (
			);
			name = "Kennys Meals Admin";
			packageProductDependencies = (
				717098822C2B3C3E00394F9D /* FirebaseAnalytics */,
				717098842C2B3C3E00394F9D /* FirebaseAnalyticsOnDeviceConversion */,
				717098862C2B3C3E00394F9D /* FirebaseAnalyticsSwift */,
				717098882C2B3C3E00394F9D /* FirebaseAnalyticsWithoutAdIdSupport */,
				7170988A2C2B3C3E00394F9D /* FirebaseAppCheck */,
				71F6930F2C2C9D0B00A476A3 /* FirebaseAuth */,
				71F693112C2C9D0B00A476A3 /* FirebaseAuthCombine-Community */,
				71F693132C2C9D0B00A476A3 /* FirebaseDynamicLinks */,
				71F693152C2C9D0B00A476A3 /* FirebaseFirestore */,
				71F693172C2C9D0B00A476A3 /* FirebaseFirestoreCombine-Community */,
				71F693192C2C9D0B00A476A3 /* FirebaseFirestoreSwift */,
				71F6931B2C2C9D0B00A476A3 /* FirebaseStorage */,
				71F6931D2C2C9D0B00A476A3 /* FirebaseStorageCombine-Community */,
				71C796C22C2F559300B9624C /* GoogleSignIn */,
				71C796C42C2F559300B9624C /* GoogleSignInSwift */,
			);
			productName = "Kennys Meals Admin";
			productReference = 71878D1D2C1FBB0900FB4A85 /* Kennys Meals Admin.app */;
			productType = "com.apple.product-type.application";
		};
		71878D2C2C1FBB0B00FB4A85 /* Kennys Meals AdminTests */ = {
			isa = PBXNativeTarget;
			buildConfigurationList = 71878D442C1FBB0C00FB4A85 /* Build configuration list for PBXNativeTarget "Kennys Meals AdminTests" */;
			buildPhases = (
				71878D292C1FBB0B00FB4A85 /* Sources */,
				71878D2A2C1FBB0B00FB4A85 /* Frameworks */,
				71878D2B2C1FBB0B00FB4A85 /* Resources */,
			);
			buildRules = (
			);
			dependencies = (
				71878D2F2C1FBB0B00FB4A85 /* PBXTargetDependency */,
			);
			name = "Kennys Meals AdminTests";
			productName = "Kennys Meals AdminTests";
			productReference = 71878D2D2C1FBB0B00FB4A85 /* Kennys Meals AdminTests.xctest */;
			productType = "com.apple.product-type.bundle.unit-test";
		};
		71878D362C1FBB0C00FB4A85 /* Kennys Meals AdminUITests */ = {
			isa = PBXNativeTarget;
			buildConfigurationList = 71878D472C1FBB0C00FB4A85 /* Build configuration list for PBXNativeTarget "Kennys Meals AdminUITests" */;
			buildPhases = (
				71878D332C1FBB0C00FB4A85 /* Sources */,
				71878D342C1FBB0C00FB4A85 /* Frameworks */,
				71878D352C1FBB0C00FB4A85 /* Resources */,
			);
			buildRules = (
			);
			dependencies = (
				71878D392C1FBB0C00FB4A85 /* PBXTargetDependency */,
			);
			name = "Kennys Meals AdminUITests";
			productName = "Kennys Meals AdminUITests";
			productReference = 71878D372C1FBB0C00FB4A85 /* Kennys Meals AdminUITests.xctest */;
			productType = "com.apple.product-type.bundle.ui-testing";
		};
/* End PBXNativeTarget section */

/* Begin PBXProject section */
		71878D152C1FBB0900FB4A85 /* Project object */ = {
			isa = PBXProject;
			attributes = {
				BuildIndependentTargetsInParallel = 1;
				LastSwiftUpdateCheck = 1540;
				LastUpgradeCheck = 1540;
				TargetAttributes = {
					71878D1C2C1FBB0900FB4A85 = {
						CreatedOnToolsVersion = 15.4;
					};
					71878D2C2C1FBB0B00FB4A85 = {
						CreatedOnToolsVersion = 15.4;
						TestTargetID = 71878D1C2C1FBB0900FB4A85;
					};
					71878D362C1FBB0C00FB4A85 = {
						CreatedOnToolsVersion = 15.4;
						TestTargetID = 71878D1C2C1FBB0900FB4A85;
					};
				};
			};
			buildConfigurationList = 71878D182C1FBB0900FB4A85 /* Build configuration list for PBXProject "Kennys Meals Admin" */;
			compatibilityVersion = "Xcode 14.0";
			developmentRegion = en;
			hasScannedForEncodings = 0;
			knownRegions = (
				en,
				Base,
			);
			mainGroup = 71878D142C1FBB0900FB4A85;
			packageReferences = (
				717098812C2B3C3E00394F9D /* XCRemoteSwiftPackageReference "firebase-ios-sdk" */,
				71C796C12C2F559300B9624C /* XCRemoteSwiftPackageReference "GoogleSignIn-iOS" */,
			);
			productRefGroup = 71878D1E2C1FBB0900FB4A85 /* Products */;
			projectDirPath = "";
			projectRoot = "";
			targets = (
				71878D1C2C1FBB0900FB4A85 /* Kennys Meals Admin */,
				71878D2C2C1FBB0B00FB4A85 /* Kennys Meals AdminTests */,
				71878D362C1FBB0C00FB4A85 /* Kennys Meals AdminUITests */,
			);
		};
/* End PBXProject section */

/* Begin PBXResourcesBuildPhase section */
		71878D1B2C1FBB0900FB4A85 /* Resources */ = {
			isa = PBXResourcesBuildPhase;
			buildActionMask = 2147483647;
			files = (
				71878D282C1FBB0B00FB4A85 /* Preview Assets.xcassets in Resources */,
				71F6930E2C2C9C8700A476A3 /* GoogleService-Info.plist in Resources */,
				7170987C2C2B2CD400394F9D /* LaunchScreen.storyboard in Resources */,
				71878D252C1FBB0B00FB4A85 /* Assets.xcassets in Resources */,
			);
			runOnlyForDeploymentPostprocessing = 0;
		};
		71878D2B2C1FBB0B00FB4A85 /* Resources */ = {
			isa = PBXResourcesBuildPhase;
			buildActionMask = 2147483647;
			files = (
			);
			runOnlyForDeploymentPostprocessing = 0;
		};
		71878D352C1FBB0C00FB4A85 /* Resources */ = {
			isa = PBXResourcesBuildPhase;
			buildActionMask = 2147483647;
			files = (
			);
			runOnlyForDeploymentPostprocessing = 0;
		};
/* End PBXResourcesBuildPhase section */

/* Begin PBXSourcesBuildPhase section */
		71878D192C1FBB0900FB4A85 /* Sources */ = {
			isa = PBXSourcesBuildPhase;
			buildActionMask = 2147483647;
			files = (
				71267BF42C308ADF001FE59F /* SideMenuRowType.swift in Sources */,
				711945F92C5691AE003E9C2D /* DataScannerView.swift in Sources */,
				714CCD2F2C420080002BC9A4 /* Image++Extension.swift in Sources */,
				71B573132C5287AB006391A0 /* MenuCell.swift in Sources */,
				71C9AB0E2C27628000400D0B /* AppScene.swift in Sources */,
				717A32192C51C1B20072AC58 /* MealCell.swift in Sources */,
				711945FD2C5692BF003E9C2D /* ScanView.swift in Sources */,
				717A321A2C51C1B20072AC58 /* Meal.swift in Sources */,
				717A321C2C51C1B20072AC58 /* MealsViewModel.swift in Sources */,
				71C9AB0C2C2761F800400D0B /* HabitatView.swift in Sources */,
				71C9AB082C27607A00400D0B /* LoginView.swift in Sources */,
				71267BF02C308957001FE59F /* SideMenu.swift in Sources */,
				717A321B2C51C1B20072AC58 /* MealDetailView.swift in Sources */,
				71B5730F2C52855F006391A0 /* MenuView.swift in Sources */,
				711945FB2C569216003E9C2D /* ScanViewModel.swift in Sources */,
				7170987A2C2B13A200394F9D /* ResetPasswordView.swift in Sources */,
				717A32182C51C1B20072AC58 /* MealsView.swift in Sources */,
				71B573112C528734006391A0 /* MenuViewModel.swift in Sources */,
				713DCE852C5DA036007F934F /* MenuDetailView.swift in Sources */,
				71C796BC2C2C9E5C00B9624C /* AuthError.swift in Sources */,
				71C9AB0A2C27609600400D0B /* Habitat.swift in Sources */,
				71267BF22C308A73001FE59F /* SideMenuView.swift in Sources */,
				7170987E2C2B336200394F9D /* View++Extension.swift in Sources */,
				71878D212C1FBB0900FB4A85 /* Kennys_Meals_AdminApp.swift in Sources */,
				71F14C942C4726C000D4F99E /* UIImage++Extension.swift in Sources */,
				71C796C02C2CA85F00B9624C /* HomeView.swift in Sources */,
				71F6930C2C2C9B4C00A476A3 /* LoginViewModel.swift in Sources */,
				71F14C962C4858E600D4F99E /* Int++Extension.swift in Sources */,
				717A32172C51C1B20072AC58 /* MealCellView.swift in Sources */,
				71B573152C528DE4006391A0 /* MenuCellView.swift in Sources */,
				71C796BE2C2C9FF900B9624C /* User.swift in Sources */,
				71F14C902C4244E800D4F99E /* Double++Extension.swift in Sources */,
			);
			runOnlyForDeploymentPostprocessing = 0;
		};
		71878D292C1FBB0B00FB4A85 /* Sources */ = {
			isa = PBXSourcesBuildPhase;
			buildActionMask = 2147483647;
			files = (
				71878D322C1FBB0C00FB4A85 /* Kennys_Meals_AdminTests.swift in Sources */,
			);
			runOnlyForDeploymentPostprocessing = 0;
		};
		71878D332C1FBB0C00FB4A85 /* Sources */ = {
			isa = PBXSourcesBuildPhase;
			buildActionMask = 2147483647;
			files = (
				71878D3C2C1FBB0C00FB4A85 /* Kennys_Meals_AdminUITests.swift in Sources */,
				71878D3E2C1FBB0C00FB4A85 /* Kennys_Meals_AdminUITestsLaunchTests.swift in Sources */,
			);
			runOnlyForDeploymentPostprocessing = 0;
		};
/* End PBXSourcesBuildPhase section */

/* Begin PBXTargetDependency section */
		71878D2F2C1FBB0B00FB4A85 /* PBXTargetDependency */ = {
			isa = PBXTargetDependency;
			target = 71878D1C2C1FBB0900FB4A85 /* Kennys Meals Admin */;
			targetProxy = 71878D2E2C1FBB0B00FB4A85 /* PBXContainerItemProxy */;
		};
		71878D392C1FBB0C00FB4A85 /* PBXTargetDependency */ = {
			isa = PBXTargetDependency;
			target = 71878D1C2C1FBB0900FB4A85 /* Kennys Meals Admin */;
			targetProxy = 71878D382C1FBB0C00FB4A85 /* PBXContainerItemProxy */;
		};
/* End PBXTargetDependency section */

/* Begin XCBuildConfiguration section */
		71878D3F2C1FBB0C00FB4A85 /* Debug */ = {
			isa = XCBuildConfiguration;
			buildSettings = {
				ALWAYS_SEARCH_USER_PATHS = NO;
				ASSETCATALOG_COMPILER_GENERATE_SWIFT_ASSET_SYMBOL_EXTENSIONS = YES;
				CLANG_ANALYZER_NONNULL = YES;
				CLANG_ANALYZER_NUMBER_OBJECT_CONVERSION = YES_AGGRESSIVE;
				CLANG_CXX_LANGUAGE_STANDARD = "gnu++20";
				CLANG_ENABLE_MODULES = YES;
				CLANG_ENABLE_OBJC_ARC = YES;
				CLANG_ENABLE_OBJC_WEAK = YES;
				CLANG_WARN_BLOCK_CAPTURE_AUTORELEASING = YES;
				CLANG_WARN_BOOL_CONVERSION = YES;
				CLANG_WARN_COMMA = YES;
				CLANG_WARN_CONSTANT_CONVERSION = YES;
				CLANG_WARN_DEPRECATED_OBJC_IMPLEMENTATIONS = YES;
				CLANG_WARN_DIRECT_OBJC_ISA_USAGE = YES_ERROR;
				CLANG_WARN_DOCUMENTATION_COMMENTS = YES;
				CLANG_WARN_EMPTY_BODY = YES;
				CLANG_WARN_ENUM_CONVERSION = YES;
				CLANG_WARN_INFINITE_RECURSION = YES;
				CLANG_WARN_INT_CONVERSION = YES;
				CLANG_WARN_NON_LITERAL_NULL_CONVERSION = YES;
				CLANG_WARN_OBJC_IMPLICIT_RETAIN_SELF = YES;
				CLANG_WARN_OBJC_LITERAL_CONVERSION = YES;
				CLANG_WARN_OBJC_ROOT_CLASS = YES_ERROR;
				CLANG_WARN_QUOTED_INCLUDE_IN_FRAMEWORK_HEADER = YES;
				CLANG_WARN_RANGE_LOOP_ANALYSIS = YES;
				CLANG_WARN_STRICT_PROTOTYPES = YES;
				CLANG_WARN_SUSPICIOUS_MOVE = YES;
				CLANG_WARN_UNGUARDED_AVAILABILITY = YES_AGGRESSIVE;
				CLANG_WARN_UNREACHABLE_CODE = YES;
				CLANG_WARN__DUPLICATE_METHOD_MATCH = YES;
				COPY_PHASE_STRIP = NO;
				DEBUG_INFORMATION_FORMAT = dwarf;
				ENABLE_STRICT_OBJC_MSGSEND = YES;
				ENABLE_TESTABILITY = YES;
				ENABLE_USER_SCRIPT_SANDBOXING = YES;
				GCC_C_LANGUAGE_STANDARD = gnu17;
				GCC_DYNAMIC_NO_PIC = NO;
				GCC_NO_COMMON_BLOCKS = YES;
				GCC_OPTIMIZATION_LEVEL = 0;
				GCC_PREPROCESSOR_DEFINITIONS = (
					"DEBUG=1",
					"$(inherited)",
				);
				GCC_WARN_64_TO_32_BIT_CONVERSION = YES;
				GCC_WARN_ABOUT_RETURN_TYPE = YES_ERROR;
				GCC_WARN_UNDECLARED_SELECTOR = YES;
				GCC_WARN_UNINITIALIZED_AUTOS = YES_AGGRESSIVE;
				GCC_WARN_UNUSED_FUNCTION = YES;
				GCC_WARN_UNUSED_VARIABLE = YES;
				IPHONEOS_DEPLOYMENT_TARGET = 17.5;
				LOCALIZATION_PREFERS_STRING_CATALOGS = YES;
				MTL_ENABLE_DEBUG_INFO = INCLUDE_SOURCE;
				MTL_FAST_MATH = YES;
				ONLY_ACTIVE_ARCH = YES;
				SDKROOT = iphoneos;
				SWIFT_ACTIVE_COMPILATION_CONDITIONS = "DEBUG $(inherited)";
				SWIFT_OPTIMIZATION_LEVEL = "-Onone";
			};
			name = Debug;
		};
		71878D402C1FBB0C00FB4A85 /* Release */ = {
			isa = XCBuildConfiguration;
			buildSettings = {
				ALWAYS_SEARCH_USER_PATHS = NO;
				ASSETCATALOG_COMPILER_GENERATE_SWIFT_ASSET_SYMBOL_EXTENSIONS = YES;
				CLANG_ANALYZER_NONNULL = YES;
				CLANG_ANALYZER_NUMBER_OBJECT_CONVERSION = YES_AGGRESSIVE;
				CLANG_CXX_LANGUAGE_STANDARD = "gnu++20";
				CLANG_ENABLE_MODULES = YES;
				CLANG_ENABLE_OBJC_ARC = YES;
				CLANG_ENABLE_OBJC_WEAK = YES;
				CLANG_WARN_BLOCK_CAPTURE_AUTORELEASING = YES;
				CLANG_WARN_BOOL_CONVERSION = YES;
				CLANG_WARN_COMMA = YES;
				CLANG_WARN_CONSTANT_CONVERSION = YES;
				CLANG_WARN_DEPRECATED_OBJC_IMPLEMENTATIONS = YES;
				CLANG_WARN_DIRECT_OBJC_ISA_USAGE = YES_ERROR;
				CLANG_WARN_DOCUMENTATION_COMMENTS = YES;
				CLANG_WARN_EMPTY_BODY = YES;
				CLANG_WARN_ENUM_CONVERSION = YES;
				CLANG_WARN_INFINITE_RECURSION = YES;
				CLANG_WARN_INT_CONVERSION = YES;
				CLANG_WARN_NON_LITERAL_NULL_CONVERSION = YES;
				CLANG_WARN_OBJC_IMPLICIT_RETAIN_SELF = YES;
				CLANG_WARN_OBJC_LITERAL_CONVERSION = YES;
				CLANG_WARN_OBJC_ROOT_CLASS = YES_ERROR;
				CLANG_WARN_QUOTED_INCLUDE_IN_FRAMEWORK_HEADER = YES;
				CLANG_WARN_RANGE_LOOP_ANALYSIS = YES;
				CLANG_WARN_STRICT_PROTOTYPES = YES;
				CLANG_WARN_SUSPICIOUS_MOVE = YES;
				CLANG_WARN_UNGUARDED_AVAILABILITY = YES_AGGRESSIVE;
				CLANG_WARN_UNREACHABLE_CODE = YES;
				CLANG_WARN__DUPLICATE_METHOD_MATCH = YES;
				COPY_PHASE_STRIP = NO;
				DEBUG_INFORMATION_FORMAT = "dwarf-with-dsym";
				ENABLE_NS_ASSERTIONS = NO;
				ENABLE_STRICT_OBJC_MSGSEND = YES;
				ENABLE_USER_SCRIPT_SANDBOXING = YES;
				GCC_C_LANGUAGE_STANDARD = gnu17;
				GCC_NO_COMMON_BLOCKS = YES;
				GCC_WARN_64_TO_32_BIT_CONVERSION = YES;
				GCC_WARN_ABOUT_RETURN_TYPE = YES_ERROR;
				GCC_WARN_UNDECLARED_SELECTOR = YES;
				GCC_WARN_UNINITIALIZED_AUTOS = YES_AGGRESSIVE;
				GCC_WARN_UNUSED_FUNCTION = YES;
				GCC_WARN_UNUSED_VARIABLE = YES;
				IPHONEOS_DEPLOYMENT_TARGET = 17.5;
				LOCALIZATION_PREFERS_STRING_CATALOGS = YES;
				MTL_ENABLE_DEBUG_INFO = NO;
				MTL_FAST_MATH = YES;
				SDKROOT = iphoneos;
				SWIFT_COMPILATION_MODE = wholemodule;
				VALIDATE_PRODUCT = YES;
			};
			name = Release;
		};
		71878D422C1FBB0C00FB4A85 /* Debug */ = {
			isa = XCBuildConfiguration;
			buildSettings = {
				ASSETCATALOG_COMPILER_APPICON_NAME = AppIcon;
				ASSETCATALOG_COMPILER_GLOBAL_ACCENT_COLOR_NAME = AccentColor;
				CODE_SIGN_STYLE = Automatic;
				CURRENT_PROJECT_VERSION = 1;
				DEVELOPMENT_ASSET_PATHS = "\"Kennys Meals Admin/Preview Content\"";
				DEVELOPMENT_TEAM = SV7TAGBDW5;
				ENABLE_PREVIEWS = YES;
				GENERATE_INFOPLIST_FILE = YES;
				INFOPLIST_FILE = "Kennys-Meals-Admin-Info.plist";
				INFOPLIST_KEY_CFBundleDisplayName = "KM Admin";
				INFOPLIST_KEY_LSApplicationCategoryType = "public.app-category.healthcare-fitness";
				INFOPLIST_KEY_UIApplicationSceneManifest_Generation = YES;
				INFOPLIST_KEY_UIApplicationSupportsIndirectInputEvents = YES;
				INFOPLIST_KEY_UILaunchScreen_Generation = YES;
				INFOPLIST_KEY_UILaunchStoryboardName = LaunchScreen.storyboard;
				INFOPLIST_KEY_UISupportedInterfaceOrientations = UIInterfaceOrientationPortrait;
				INFOPLIST_KEY_UISupportedInterfaceOrientations_iPad = "UIInterfaceOrientationLandscapeLeft UIInterfaceOrientationLandscapeRight UIInterfaceOrientationPortrait UIInterfaceOrientationPortraitUpsideDown";
				LD_RUNPATH_SEARCH_PATHS = (
					"$(inherited)",
					"@executable_path/Frameworks",
				);
				MARKETING_VERSION = 1.0;
				PRODUCT_BUNDLE_IDENTIFIER = "com.kennys-meals.Kennys-Meals-Admin";
				PRODUCT_NAME = "$(TARGET_NAME)";
				SWIFT_EMIT_LOC_STRINGS = YES;
				SWIFT_VERSION = 5.0;
				TARGETED_DEVICE_FAMILY = "1,2";
			};
			name = Debug;
		};
		71878D432C1FBB0C00FB4A85 /* Release */ = {
			isa = XCBuildConfiguration;
			buildSettings = {
				ASSETCATALOG_COMPILER_APPICON_NAME = AppIcon;
				ASSETCATALOG_COMPILER_GLOBAL_ACCENT_COLOR_NAME = AccentColor;
				CODE_SIGN_STYLE = Automatic;
				CURRENT_PROJECT_VERSION = 1;
				DEVELOPMENT_ASSET_PATHS = "\"Kennys Meals Admin/Preview Content\"";
				DEVELOPMENT_TEAM = SV7TAGBDW5;
				ENABLE_PREVIEWS = YES;
				GENERATE_INFOPLIST_FILE = YES;
				INFOPLIST_FILE = "Kennys-Meals-Admin-Info.plist";
				INFOPLIST_KEY_CFBundleDisplayName = "KM Admin";
				INFOPLIST_KEY_LSApplicationCategoryType = "public.app-category.healthcare-fitness";
				INFOPLIST_KEY_UIApplicationSceneManifest_Generation = YES;
				INFOPLIST_KEY_UIApplicationSupportsIndirectInputEvents = YES;
				INFOPLIST_KEY_UILaunchScreen_Generation = YES;
				INFOPLIST_KEY_UILaunchStoryboardName = LaunchScreen.storyboard;
				INFOPLIST_KEY_UISupportedInterfaceOrientations = UIInterfaceOrientationPortrait;
				INFOPLIST_KEY_UISupportedInterfaceOrientations_iPad = "UIInterfaceOrientationLandscapeLeft UIInterfaceOrientationLandscapeRight UIInterfaceOrientationPortrait UIInterfaceOrientationPortraitUpsideDown";
				LD_RUNPATH_SEARCH_PATHS = (
					"$(inherited)",
					"@executable_path/Frameworks",
				);
				MARKETING_VERSION = 1.0;
				PRODUCT_BUNDLE_IDENTIFIER = "com.kennys-meals.Kennys-Meals-Admin";
				PRODUCT_NAME = "$(TARGET_NAME)";
				SWIFT_EMIT_LOC_STRINGS = YES;
				SWIFT_VERSION = 5.0;
				TARGETED_DEVICE_FAMILY = "1,2";
			};
			name = Release;
		};
		71878D452C1FBB0C00FB4A85 /* Debug */ = {
			isa = XCBuildConfiguration;
			buildSettings = {
				ALWAYS_EMBED_SWIFT_STANDARD_LIBRARIES = YES;
				BUNDLE_LOADER = "$(TEST_HOST)";
				CODE_SIGN_STYLE = Automatic;
				CURRENT_PROJECT_VERSION = 1;
				GENERATE_INFOPLIST_FILE = YES;
				IPHONEOS_DEPLOYMENT_TARGET = 17.5;
				MARKETING_VERSION = 1.0;
				PRODUCT_BUNDLE_IDENTIFIER = "com.kennys-meals.Kennys-Meals-AdminTests";
				PRODUCT_NAME = "$(TARGET_NAME)";
				SWIFT_EMIT_LOC_STRINGS = NO;
				SWIFT_VERSION = 5.0;
				TARGETED_DEVICE_FAMILY = "1,2";
				TEST_HOST = "$(BUILT_PRODUCTS_DIR)/Kennys Meals Admin.app/$(BUNDLE_EXECUTABLE_FOLDER_PATH)/Kennys Meals Admin";
			};
			name = Debug;
		};
		71878D462C1FBB0C00FB4A85 /* Release */ = {
			isa = XCBuildConfiguration;
			buildSettings = {
				ALWAYS_EMBED_SWIFT_STANDARD_LIBRARIES = YES;
				BUNDLE_LOADER = "$(TEST_HOST)";
				CODE_SIGN_STYLE = Automatic;
				CURRENT_PROJECT_VERSION = 1;
				GENERATE_INFOPLIST_FILE = YES;
				IPHONEOS_DEPLOYMENT_TARGET = 17.5;
				MARKETING_VERSION = 1.0;
				PRODUCT_BUNDLE_IDENTIFIER = "com.kennys-meals.Kennys-Meals-AdminTests";
				PRODUCT_NAME = "$(TARGET_NAME)";
				SWIFT_EMIT_LOC_STRINGS = NO;
				SWIFT_VERSION = 5.0;
				TARGETED_DEVICE_FAMILY = "1,2";
				TEST_HOST = "$(BUILT_PRODUCTS_DIR)/Kennys Meals Admin.app/$(BUNDLE_EXECUTABLE_FOLDER_PATH)/Kennys Meals Admin";
			};
			name = Release;
		};
		71878D482C1FBB0C00FB4A85 /* Debug */ = {
			isa = XCBuildConfiguration;
			buildSettings = {
				ALWAYS_EMBED_SWIFT_STANDARD_LIBRARIES = YES;
				CODE_SIGN_STYLE = Automatic;
				CURRENT_PROJECT_VERSION = 1;
				GENERATE_INFOPLIST_FILE = YES;
				MARKETING_VERSION = 1.0;
				PRODUCT_BUNDLE_IDENTIFIER = "com.kennys-meals.Kennys-Meals-AdminUITests";
				PRODUCT_NAME = "$(TARGET_NAME)";
				SWIFT_EMIT_LOC_STRINGS = NO;
				SWIFT_VERSION = 5.0;
				TARGETED_DEVICE_FAMILY = "1,2";
				TEST_TARGET_NAME = "Kennys Meals Admin";
			};
			name = Debug;
		};
		71878D492C1FBB0C00FB4A85 /* Release */ = {
			isa = XCBuildConfiguration;
			buildSettings = {
				ALWAYS_EMBED_SWIFT_STANDARD_LIBRARIES = YES;
				CODE_SIGN_STYLE = Automatic;
				CURRENT_PROJECT_VERSION = 1;
				GENERATE_INFOPLIST_FILE = YES;
				MARKETING_VERSION = 1.0;
				PRODUCT_BUNDLE_IDENTIFIER = "com.kennys-meals.Kennys-Meals-AdminUITests";
				PRODUCT_NAME = "$(TARGET_NAME)";
				SWIFT_EMIT_LOC_STRINGS = NO;
				SWIFT_VERSION = 5.0;
				TARGETED_DEVICE_FAMILY = "1,2";
				TEST_TARGET_NAME = "Kennys Meals Admin";
			};
			name = Release;
		};
/* End XCBuildConfiguration section */

/* Begin XCConfigurationList section */
		71878D182C1FBB0900FB4A85 /* Build configuration list for PBXProject "Kennys Meals Admin" */ = {
			isa = XCConfigurationList;
			buildConfigurations = (
				71878D3F2C1FBB0C00FB4A85 /* Debug */,
				71878D402C1FBB0C00FB4A85 /* Release */,
			);
			defaultConfigurationIsVisible = 0;
			defaultConfigurationName = Release;
		};
		71878D412C1FBB0C00FB4A85 /* Build configuration list for PBXNativeTarget "Kennys Meals Admin" */ = {
			isa = XCConfigurationList;
			buildConfigurations = (
				71878D422C1FBB0C00FB4A85 /* Debug */,
				71878D432C1FBB0C00FB4A85 /* Release */,
			);
			defaultConfigurationIsVisible = 0;
			defaultConfigurationName = Release;
		};
		71878D442C1FBB0C00FB4A85 /* Build configuration list for PBXNativeTarget "Kennys Meals AdminTests" */ = {
			isa = XCConfigurationList;
			buildConfigurations = (
				71878D452C1FBB0C00FB4A85 /* Debug */,
				71878D462C1FBB0C00FB4A85 /* Release */,
			);
			defaultConfigurationIsVisible = 0;
			defaultConfigurationName = Release;
		};
		71878D472C1FBB0C00FB4A85 /* Build configuration list for PBXNativeTarget "Kennys Meals AdminUITests" */ = {
			isa = XCConfigurationList;
			buildConfigurations = (
				71878D482C1FBB0C00FB4A85 /* Debug */,
				71878D492C1FBB0C00FB4A85 /* Release */,
			);
			defaultConfigurationIsVisible = 0;
			defaultConfigurationName = Release;
		};
/* End XCConfigurationList section */

/* Begin XCRemoteSwiftPackageReference section */
		717098812C2B3C3E00394F9D /* XCRemoteSwiftPackageReference "firebase-ios-sdk" */ = {
			isa = XCRemoteSwiftPackageReference;
			repositoryURL = "https://github.com/firebase/firebase-ios-sdk.git";
			requirement = {
				kind = upToNextMajorVersion;
				minimumVersion = 10.28.1;
			};
		};
		71C796C12C2F559300B9624C /* XCRemoteSwiftPackageReference "GoogleSignIn-iOS" */ = {
			isa = XCRemoteSwiftPackageReference;
			repositoryURL = "https://github.com/google/GoogleSignIn-iOS";
			requirement = {
				kind = upToNextMajorVersion;
				minimumVersion = 7.1.0;
			};
		};
/* End XCRemoteSwiftPackageReference section */

/* Begin XCSwiftPackageProductDependency section */
		717098822C2B3C3E00394F9D /* FirebaseAnalytics */ = {
			isa = XCSwiftPackageProductDependency;
			package = 717098812C2B3C3E00394F9D /* XCRemoteSwiftPackageReference "firebase-ios-sdk" */;
			productName = FirebaseAnalytics;
		};
		717098842C2B3C3E00394F9D /* FirebaseAnalyticsOnDeviceConversion */ = {
			isa = XCSwiftPackageProductDependency;
			package = 717098812C2B3C3E00394F9D /* XCRemoteSwiftPackageReference "firebase-ios-sdk" */;
			productName = FirebaseAnalyticsOnDeviceConversion;
		};
		717098862C2B3C3E00394F9D /* FirebaseAnalyticsSwift */ = {
			isa = XCSwiftPackageProductDependency;
			package = 717098812C2B3C3E00394F9D /* XCRemoteSwiftPackageReference "firebase-ios-sdk" */;
			productName = FirebaseAnalyticsSwift;
		};
		717098882C2B3C3E00394F9D /* FirebaseAnalyticsWithoutAdIdSupport */ = {
			isa = XCSwiftPackageProductDependency;
			package = 717098812C2B3C3E00394F9D /* XCRemoteSwiftPackageReference "firebase-ios-sdk" */;
			productName = FirebaseAnalyticsWithoutAdIdSupport;
		};
		7170988A2C2B3C3E00394F9D /* FirebaseAppCheck */ = {
			isa = XCSwiftPackageProductDependency;
			package = 717098812C2B3C3E00394F9D /* XCRemoteSwiftPackageReference "firebase-ios-sdk" */;
			productName = FirebaseAppCheck;
		};
		71C796C22C2F559300B9624C /* GoogleSignIn */ = {
			isa = XCSwiftPackageProductDependency;
			package = 71C796C12C2F559300B9624C /* XCRemoteSwiftPackageReference "GoogleSignIn-iOS" */;
			productName = GoogleSignIn;
		};
		71C796C42C2F559300B9624C /* GoogleSignInSwift */ = {
			isa = XCSwiftPackageProductDependency;
			package = 71C796C12C2F559300B9624C /* XCRemoteSwiftPackageReference "GoogleSignIn-iOS" */;
			productName = GoogleSignInSwift;
		};
		71F6930F2C2C9D0B00A476A3 /* FirebaseAuth */ = {
			isa = XCSwiftPackageProductDependency;
			productName = FirebaseAuth;
		};
		71F693112C2C9D0B00A476A3 /* FirebaseAuthCombine-Community */ = {
			isa = XCSwiftPackageProductDependency;
			productName = "FirebaseAuthCombine-Community";
		};
		71F693132C2C9D0B00A476A3 /* FirebaseDynamicLinks */ = {
			isa = XCSwiftPackageProductDependency;
			productName = FirebaseDynamicLinks;
		};
		71F693152C2C9D0B00A476A3 /* FirebaseFirestore */ = {
			isa = XCSwiftPackageProductDependency;
			productName = FirebaseFirestore;
		};
		71F693172C2C9D0B00A476A3 /* FirebaseFirestoreCombine-Community */ = {
			isa = XCSwiftPackageProductDependency;
			productName = "FirebaseFirestoreCombine-Community";
		};
		71F693192C2C9D0B00A476A3 /* FirebaseFirestoreSwift */ = {
			isa = XCSwiftPackageProductDependency;
			productName = FirebaseFirestoreSwift;
		};
		71F6931B2C2C9D0B00A476A3 /* FirebaseStorage */ = {
			isa = XCSwiftPackageProductDependency;
			productName = FirebaseStorage;
		};
		71F6931D2C2C9D0B00A476A3 /* FirebaseStorageCombine-Community */ = {
			isa = XCSwiftPackageProductDependency;
			productName = "FirebaseStorageCombine-Community";
		};
/* End XCSwiftPackageProductDependency section */
	};
	rootObject = 71878D152C1FBB0900FB4A85 /* Project object */;
}
