// !$*UTF8*$!
{
	archiveVersion = 1;
	classes = {
	};
	objectVersion = 56;
	objects = {

/* Begin PBXBuildFile section */
		71878D212C1FBB0900FB4A85 /* Kennys_Meals_AdminApp.swift in Sources */ = {isa = PBXBuildFile; fileRef = 71878D202C1FBB0900FB4A85 /* Kennys_Meals_AdminApp.swift */; };
		71878D232C1FBB0900FB4A85 /* ContentView.swift in Sources */ = {isa = PBXBuildFile; fileRef = 71878D222C1FBB0900FB4A85 /* ContentView.swift */; };
		71878D252C1FBB0B00FB4A85 /* Assets.xcassets in Resources */ = {isa = PBXBuildFile; fileRef = 71878D242C1FBB0B00FB4A85 /* Assets.xcassets */; };
		71878D282C1FBB0B00FB4A85 /* Preview Assets.xcassets in Resources */ = {isa = PBXBuildFile; fileRef = 71878D272C1FBB0B00FB4A85 /* Preview Assets.xcassets */; };
		71878D322C1FBB0C00FB4A85 /* Kennys_Meals_AdminTests.swift in Sources */ = {isa = PBXBuildFile; fileRef = 71878D312C1FBB0C00FB4A85 /* Kennys_Meals_AdminTests.swift */; };
		71878D3C2C1FBB0C00FB4A85 /* Kennys_Meals_AdminUITests.swift in Sources */ = {isa = PBXBuildFile; fileRef = 71878D3B2C1FBB0C00FB4A85 /* Kennys_Meals_AdminUITests.swift */; };
		71878D3E2C1FBB0C00FB4A85 /* Kennys_Meals_AdminUITestsLaunchTests.swift in Sources */ = {isa = PBXBuildFile; fileRef = 71878D3D2C1FBB0C00FB4A85 /* Kennys_Meals_AdminUITestsLaunchTests.swift */; };
/* End PBXBuildFile section */

/* Begin PBXContainerItemProxy section */
		71878D2E2C1FBB0B00FB4A85 /* PBXContainerItemProxy */ = {
			isa = PBXContainerItemProxy;
			containerPortal = 71878D152C1FBB0900FB4A85 /* Project object */;
			proxyType = 1;
			remoteGlobalIDString = 71878D1C2C1FBB0900FB4A85;
			remoteInfo = "Kennys Meals Admin";
		};
		71878D382C1FBB0C00FB4A85 /* PBXContainerItemProxy */ = {
			isa = PBXContainerItemProxy;
			containerPortal = 71878D152C1FBB0900FB4A85 /* Project object */;
			proxyType = 1;
			remoteGlobalIDString = 71878D1C2C1FBB0900FB4A85;
			remoteInfo = "Kennys Meals Admin";
		};
/* End PBXContainerItemProxy section */

/* Begin PBXFileReference section */
		71878D1D2C1FBB0900FB4A85 /* Kennys Meals Admin.app */ = {isa = PBXFileReference; explicitFileType = wrapper.application; includeInIndex = 0; path = "Kennys Meals Admin.app"; sourceTree = BUILT_PRODUCTS_DIR; };
		71878D202C1FBB0900FB4A85 /* Kennys_Meals_AdminApp.swift */ = {isa = PBXFileReference; lastKnownFileType = sourcecode.swift; path = Kennys_Meals_AdminApp.swift; sourceTree = "<group>"; };
		71878D222C1FBB0900FB4A85 /* ContentView.swift */ = {isa = PBXFileReference; lastKnownFileType = sourcecode.swift; path = ContentView.swift; sourceTree = "<group>"; };
		71878D242C1FBB0B00FB4A85 /* Assets.xcassets */ = {isa = PBXFileReference; lastKnownFileType = folder.assetcatalog; path = Assets.xcassets; sourceTree = "<group>"; };
		71878D272C1FBB0B00FB4A85 /* Preview Assets.xcassets */ = {isa = PBXFileReference; lastKnownFileType = folder.assetcatalog; path = "Preview Assets.xcassets"; sourceTree = "<group>"; };
		71878D2D2C1FBB0B00FB4A85 /* Kennys Meals AdminTests.xctest */ = {isa = PBXFileReference; explicitFileType = wrapper.cfbundle; includeInIndex = 0; path = "Kennys Meals AdminTests.xctest"; sourceTree = BUILT_PRODUCTS_DIR; };
		71878D312C1FBB0C00FB4A85 /* Kennys_Meals_AdminTests.swift */ = {isa = PBXFileReference; lastKnownFileType = sourcecode.swift; path = Kennys_Meals_AdminTests.swift; sourceTree = "<group>"; };
		71878D372C1FBB0C00FB4A85 /* Kennys Meals AdminUITests.xctest */ = {isa = PBXFileReference; explicitFileType = wrapper.cfbundle; includeInIndex = 0; path = "Kennys Meals AdminUITests.xctest"; sourceTree = BUILT_PRODUCTS_DIR; };
		71878D3B2C1FBB0C00FB4A85 /* Kennys_Meals_AdminUITests.swift */ = {isa = PBXFileReference; lastKnownFileType = sourcecode.swift; path = Kennys_Meals_AdminUITests.swift; sourceTree = "<group>"; };
		71878D3D2C1FBB0C00FB4A85 /* Kennys_Meals_AdminUITestsLaunchTests.swift */ = {isa = PBXFileReference; lastKnownFileType = sourcecode.swift; path = Kennys_Meals_AdminUITestsLaunchTests.swift; sourceTree = "<group>"; };
/* End PBXFileReference section */

/* Begin PBXFrameworksBuildPhase section */
		71878D1A2C1FBB0900FB4A85 /* Frameworks */ = {
			isa = PBXFrameworksBuildPhase;
			buildActionMask = 2147483647;
			files = (
			);
			runOnlyForDeploymentPostprocessing = 0;
		};
		71878D2A2C1FBB0B00FB4A85 /* Frameworks */ = {
			isa = PBXFrameworksBuildPhase;
			buildActionMask = 2147483647;
			files = (
			);
			runOnlyForDeploymentPostprocessing = 0;
		};
		71878D342C1FBB0C00FB4A85 /* Frameworks */ = {
			isa = PBXFrameworksBuildPhase;
			buildActionMask = 2147483647;
			files = (
			);
			runOnlyForDeploymentPostprocessing = 0;
		};
/* End PBXFrameworksBuildPhase section */

/* Begin PBXGroup section */
		71878D142C1FBB0900FB4A85 = {
			isa = PBXGroup;
			children = (
				71878D1F2C1FBB0900FB4A85 /* Kennys Meals Admin */,
				71878D302C1FBB0C00FB4A85 /* Kennys Meals AdminTests */,
				71878D3A2C1FBB0C00FB4A85 /* Kennys Meals AdminUITests */,
				71878D1E2C1FBB0900FB4A85 /* Products */,
			);
			sourceTree = "<group>";
		};
		71878D1E2C1FBB0900FB4A85 /* Products */ = {
			isa = PBXGroup;
			children = (
				71878D1D2C1FBB0900FB4A85 /* Kennys Meals Admin.app */,
				71878D2D2C1FBB0B00FB4A85 /* Kennys Meals AdminTests.xctest */,
				71878D372C1FBB0C00FB4A85 /* Kennys Meals AdminUITests.xctest */,
			);
			name = Products;
			sourceTree = "<group>";
		};
		71878D1F2C1FBB0900FB4A85 /* Kennys Meals Admin */ = {
			isa = PBXGroup;
			children = (
				71878D202C1FBB0900FB4A85 /* Kennys_Meals_AdminApp.swift */,
				71878D222C1FBB0900FB4A85 /* ContentView.swift */,
				71878D242C1FBB0B00FB4A85 /* Assets.xcassets */,
				71878D262C1FBB0B00FB4A85 /* Preview Content */,
			);
			path = "Kennys Meals Admin";
			sourceTree = "<group>";
		};
		71878D262C1FBB0B00FB4A85 /* Preview Content */ = {
			isa = PBXGroup;
			children = (
				71878D272C1FBB0B00FB4A85 /* Preview Assets.xcassets */,
			);
			path = "Preview Content";
			sourceTree = "<group>";
		};
		71878D302C1FBB0C00FB4A85 /* Kennys Meals AdminTests */ = {
			isa = PBXGroup;
			children = (
				71878D312C1FBB0C00FB4A85 /* Kennys_Meals_AdminTests.swift */,
			);
			path = "Kennys Meals AdminTests";
			sourceTree = "<group>";
		};
		71878D3A2C1FBB0C00FB4A85 /* Kennys Meals AdminUITests */ = {
			isa = PBXGroup;
			children = (
				71878D3B2C1FBB0C00FB4A85 /* Kennys_Meals_AdminUITests.swift */,
				71878D3D2C1FBB0C00FB4A85 /* Kennys_Meals_AdminUITestsLaunchTests.swift */,
			);
			path = "Kennys Meals AdminUITests";
			sourceTree = "<group>";
		};
/* End PBXGroup section */

/* Begin PBXNativeTarget section */
		71878D1C2C1FBB0900FB4A85 /* Kennys Meals Admin */ = {
			isa = PBXNativeTarget;
			buildConfigurationList = 71878D412C1FBB0C00FB4A85 /* Build configuration list for PBXNativeTarget "Kennys Meals Admin" */;
			buildPhases = (
				71878D192C1FBB0900FB4A85 /* Sources */,
				71878D1A2C1FBB0900FB4A85 /* Frameworks */,
				71878D1B2C1FBB0900FB4A85 /* Resources */,
			);
			buildRules = (
			);
			dependencies = (
			);
			name = "Kennys Meals Admin";
			productName = "Kennys Meals Admin";
			productReference = 71878D1D2C1FBB0900FB4A85 /* Kennys Meals Admin.app */;
			productType = "com.apple.product-type.application";
		};
		71878D2C2C1FBB0B00FB4A85 /* Kennys Meals AdminTests */ = {
			isa = PBXNativeTarget;
			buildConfigurationList = 71878D442C1FBB0C00FB4A85 /* Build configuration list for PBXNativeTarget "Kennys Meals AdminTests" */;
			buildPhases = (
				71878D292C1FBB0B00FB4A85 /* Sources */,
				71878D2A2C1FBB0B00FB4A85 /* Frameworks */,
				71878D2B2C1FBB0B00FB4A85 /* Resources */,
			);
			buildRules = (
			);
			dependencies = (
				71878D2F2C1FBB0B00FB4A85 /* PBXTargetDependency */,
			);
			name = "Kennys Meals AdminTests";
			productName = "Kennys Meals AdminTests";
			productReference = 71878D2D2C1FBB0B00FB4A85 /* Kennys Meals AdminTests.xctest */;
			productType = "com.apple.product-type.bundle.unit-test";
		};
		71878D362C1FBB0C00FB4A85 /* Kennys Meals AdminUITests */ = {
			isa = PBXNativeTarget;
			buildConfigurationList = 71878D472C1FBB0C00FB4A85 /* Build configuration list for PBXNativeTarget "Kennys Meals AdminUITests" */;
			buildPhases = (
				71878D332C1FBB0C00FB4A85 /* Sources */,
				71878D342C1FBB0C00FB4A85 /* Frameworks */,
				71878D352C1FBB0C00FB4A85 /* Resources */,
			);
			buildRules = (
			);
			dependencies = (
				71878D392C1FBB0C00FB4A85 /* PBXTargetDependency */,
			);
			name = "Kennys Meals AdminUITests";
			productName = "Kennys Meals AdminUITests";
			productReference = 71878D372C1FBB0C00FB4A85 /* Kennys Meals AdminUITests.xctest */;
			productType = "com.apple.product-type.bundle.ui-testing";
		};
/* End PBXNativeTarget section */

/* Begin PBXProject section */
		71878D152C1FBB0900FB4A85 /* Project object */ = {
			isa = PBXProject;
			attributes = {
				BuildIndependentTargetsInParallel = 1;
				LastSwiftUpdateCheck = 1540;
				LastUpgradeCheck = 1540;
				TargetAttributes = {
					71878D1C2C1FBB0900FB4A85 = {
						CreatedOnToolsVersion = 15.4;
					};
					71878D2C2C1FBB0B00FB4A85 = {
						CreatedOnToolsVersion = 15.4;
						TestTargetID = 71878D1C2C1FBB0900FB4A85;
					};
					71878D362C1FBB0C00FB4A85 = {
						CreatedOnToolsVersion = 15.4;
						TestTargetID = 71878D1C2C1FBB0900FB4A85;
					};
				};
			};
			buildConfigurationList = 71878D182C1FBB0900FB4A85 /* Build configuration list for PBXProject "Kennys Meals Admin" */;
			compatibilityVersion = "Xcode 14.0";
			developmentRegion = en;
			hasScannedForEncodings = 0;
			knownRegions = (
				en,
				Base,
			);
			mainGroup = 71878D142C1FBB0900FB4A85;
			productRefGroup = 71878D1E2C1FBB0900FB4A85 /* Products */;
			projectDirPath = "";
			projectRoot = "";
			targets = (
				71878D1C2C1FBB0900FB4A85 /* Kennys Meals Admin */,
				71878D2C2C1FBB0B00FB4A85 /* Kennys Meals AdminTests */,
				71878D362C1FBB0C00FB4A85 /* Kennys Meals AdminUITests */,
			);
		};
/* End PBXProject section */

/* Begin PBXResourcesBuildPhase section */
		71878D1B2C1FBB0900FB4A85 /* Resources */ = {
			isa = PBXResourcesBuildPhase;
			buildActionMask = 2147483647;
			files = (
				71878D282C1FBB0B00FB4A85 /* Preview Assets.xcassets in Resources */,
				71878D252C1FBB0B00FB4A85 /* Assets.xcassets in Resources */,
			);
			runOnlyForDeploymentPostprocessing = 0;
		};
		71878D2B2C1FBB0B00FB4A85 /* Resources */ = {
			isa = PBXResourcesBuildPhase;
			buildActionMask = 2147483647;
			files = (
			);
			runOnlyForDeploymentPostprocessing = 0;
		};
		71878D352C1FBB0C00FB4A85 /* Resources */ = {
			isa = PBXResourcesBuildPhase;
			buildActionMask = 2147483647;
			files = (
			);
			runOnlyForDeploymentPostprocessing = 0;
		};
/* End PBXResourcesBuildPhase section */

/* Begin PBXSourcesBuildPhase section */
		71878D192C1FBB0900FB4A85 /* Sources */ = {
			isa = PBXSourcesBuildPhase;
			buildActionMask = 2147483647;
			files = (
				71878D232C1FBB0900FB4A85 /* ContentView.swift in Sources */,
				71878D212C1FBB0900FB4A85 /* Kennys_Meals_AdminApp.swift in Sources */,
			);
			runOnlyForDeploymentPostprocessing = 0;
		};
		71878D292C1FBB0B00FB4A85 /* Sources */ = {
			isa = PBXSourcesBuildPhase;
			buildActionMask = 2147483647;
			files = (
				71878D322C1FBB0C00FB4A85 /* Kennys_Meals_AdminTests.swift in Sources */,
			);
			runOnlyForDeploymentPostprocessing = 0;
		};
		71878D332C1FBB0C00FB4A85 /* Sources */ = {
			isa = PBXSourcesBuildPhase;
			buildActionMask = 2147483647;
			files = (
				71878D3C2C1FBB0C00FB4A85 /* Kennys_Meals_AdminUITests.swift in Sources */,
				71878D3E2C1FBB0C00FB4A85 /* Kennys_Meals_AdminUITestsLaunchTests.swift in Sources */,
			);
			runOnlyForDeploymentPostprocessing = 0;
		};
/* End PBXSourcesBuildPhase section */

/* Begin PBXTargetDependency section */
		71878D2F2C1FBB0B00FB4A85 /* PBXTargetDependency */ = {
			isa = PBXTargetDependency;
			target = 71878D1C2C1FBB0900FB4A85 /* Kennys Meals Admin */;
			targetProxy = 71878D2E2C1FBB0B00FB4A85 /* PBXContainerItemProxy */;
		};
		71878D392C1FBB0C00FB4A85 /* PBXTargetDependency */ = {
			isa = PBXTargetDependency;
			target = 71878D1C2C1FBB0900FB4A85 /* Kennys Meals Admin */;
			targetProxy = 71878D382C1FBB0C00FB4A85 /* PBXContainerItemProxy */;
		};
/* End PBXTargetDependency section */

/* Begin XCBuildConfiguration section */
		71878D3F2C1FBB0C00FB4A85 /* Debug */ = {
			isa = XCBuildConfiguration;
			buildSettings = {
				ALWAYS_SEARCH_USER_PATHS = NO;
				ASSETCATALOG_COMPILER_GENERATE_SWIFT_ASSET_SYMBOL_EXTENSIONS = YES;
				CLANG_ANALYZER_NONNULL = YES;
				CLANG_ANALYZER_NUMBER_OBJECT_CONVERSION = YES_AGGRESSIVE;
				CLANG_CXX_LANGUAGE_STANDARD = "gnu++20";
				CLANG_ENABLE_MODULES = YES;
				CLANG_ENABLE_OBJC_ARC = YES;
				CLANG_ENABLE_OBJC_WEAK = YES;
				CLANG_WARN_BLOCK_CAPTURE_AUTORELEASING = YES;
				CLANG_WARN_BOOL_CONVERSION = YES;
				CLANG_WARN_COMMA = YES;
				CLANG_WARN_CONSTANT_CONVERSION = YES;
				CLANG_WARN_DEPRECATED_OBJC_IMPLEMENTATIONS = YES;
				CLANG_WARN_DIRECT_OBJC_ISA_USAGE = YES_ERROR;
				CLANG_WARN_DOCUMENTATION_COMMENTS = YES;
				CLANG_WARN_EMPTY_BODY = YES;
				CLANG_WARN_ENUM_CONVERSION = YES;
				CLANG_WARN_INFINITE_RECURSION = YES;
				CLANG_WARN_INT_CONVERSION = YES;
				CLANG_WARN_NON_LITERAL_NULL_CONVERSION = YES;
				CLANG_WARN_OBJC_IMPLICIT_RETAIN_SELF = YES;
				CLANG_WARN_OBJC_LITERAL_CONVERSION = YES;
				CLANG_WARN_OBJC_ROOT_CLASS = YES_ERROR;
				CLANG_WARN_QUOTED_INCLUDE_IN_FRAMEWORK_HEADER = YES;
				CLANG_WARN_RANGE_LOOP_ANALYSIS = YES;
				CLANG_WARN_STRICT_PROTOTYPES = YES;
				CLANG_WARN_SUSPICIOUS_MOVE = YES;
				CLANG_WARN_UNGUARDED_AVAILABILITY = YES_AGGRESSIVE;
				CLANG_WARN_UNREACHABLE_CODE = YES;
				CLANG_WARN__DUPLICATE_METHOD_MATCH = YES;
				COPY_PHASE_STRIP = NO;
				DEBUG_INFORMATION_FORMAT = dwarf;
				ENABLE_STRICT_OBJC_MSGSEND = YES;
				ENABLE_TESTABILITY = YES;
				ENABLE_USER_SCRIPT_SANDBOXING = YES;
				GCC_C_LANGUAGE_STANDARD = gnu17;
				GCC_DYNAMIC_NO_PIC = NO;
				GCC_NO_COMMON_BLOCKS = YES;
				GCC_OPTIMIZATION_LEVEL = 0;
				GCC_PREPROCESSOR_DEFINITIONS = (
					"DEBUG=1",
					"$(inherited)",
				);
				GCC_WARN_64_TO_32_BIT_CONVERSION = YES;
				GCC_WARN_ABOUT_RETURN_TYPE = YES_ERROR;
				GCC_WARN_UNDECLARED_SELECTOR = YES;
				GCC_WARN_UNINITIALIZED_AUTOS = YES_AGGRESSIVE;
				GCC_WARN_UNUSED_FUNCTION = YES;
				GCC_WARN_UNUSED_VARIABLE = YES;
				IPHONEOS_DEPLOYMENT_TARGET = 17.5;
				LOCALIZATION_PREFERS_STRING_CATALOGS = YES;
				MTL_ENABLE_DEBUG_INFO = INCLUDE_SOURCE;
				MTL_FAST_MATH = YES;
				ONLY_ACTIVE_ARCH = YES;
				SDKROOT = iphoneos;
				SWIFT_ACTIVE_COMPILATION_CONDITIONS = "DEBUG $(inherited)";
				SWIFT_OPTIMIZATION_LEVEL = "-Onone";
			};
			name = Debug;
		};
		71878D402C1FBB0C00FB4A85 /* Release */ = {
			isa = XCBuildConfiguration;
			buildSettings = {
				ALWAYS_SEARCH_USER_PATHS = NO;
				ASSETCATALOG_COMPILER_GENERATE_SWIFT_ASSET_SYMBOL_EXTENSIONS = YES;
				CLANG_ANALYZER_NONNULL = YES;
				CLANG_ANALYZER_NUMBER_OBJECT_CONVERSION = YES_AGGRESSIVE;
				CLANG_CXX_LANGUAGE_STANDARD = "gnu++20";
				CLANG_ENABLE_MODULES = YES;
				CLANG_ENABLE_OBJC_ARC = YES;
				CLANG_ENABLE_OBJC_WEAK = YES;
				CLANG_WARN_BLOCK_CAPTURE_AUTORELEASING = YES;
				CLANG_WARN_BOOL_CONVERSION = YES;
				CLANG_WARN_COMMA = YES;
				CLANG_WARN_CONSTANT_CONVERSION = YES;
				CLANG_WARN_DEPRECATED_OBJC_IMPLEMENTATIONS = YES;
				CLANG_WARN_DIRECT_OBJC_ISA_USAGE = YES_ERROR;
				CLANG_WARN_DOCUMENTATION_COMMENTS = YES;
				CLANG_WARN_EMPTY_BODY = YES;
				CLANG_WARN_ENUM_CONVERSION = YES;
				CLANG_WARN_INFINITE_RECURSION = YES;
				CLANG_WARN_INT_CONVERSION = YES;
				CLANG_WARN_NON_LITERAL_NULL_CONVERSION = YES;
				CLANG_WARN_OBJC_IMPLICIT_RETAIN_SELF = YES;
				CLANG_WARN_OBJC_LITERAL_CONVERSION = YES;
				CLANG_WARN_OBJC_ROOT_CLASS = YES_ERROR;
				CLANG_WARN_QUOTED_INCLUDE_IN_FRAMEWORK_HEADER = YES;
				CLANG_WARN_RANGE_LOOP_ANALYSIS = YES;
				CLANG_WARN_STRICT_PROTOTYPES = YES;
				CLANG_WARN_SUSPICIOUS_MOVE = YES;
				CLANG_WARN_UNGUARDED_AVAILABILITY = YES_AGGRESSIVE;
				CLANG_WARN_UNREACHABLE_CODE = YES;
				CLANG_WARN__DUPLICATE_METHOD_MATCH = YES;
				COPY_PHASE_STRIP = NO;
				DEBUG_INFORMATION_FORMAT = "dwarf-with-dsym";
				ENABLE_NS_ASSERTIONS = NO;
				ENABLE_STRICT_OBJC_MSGSEND = YES;
				ENABLE_USER_SCRIPT_SANDBOXING = YES;
				GCC_C_LANGUAGE_STANDARD = gnu17;
				GCC_NO_COMMON_BLOCKS = YES;
				GCC_WARN_64_TO_32_BIT_CONVERSION = YES;
				GCC_WARN_ABOUT_RETURN_TYPE = YES_ERROR;
				GCC_WARN_UNDECLARED_SELECTOR = YES;
				GCC_WARN_UNINITIALIZED_AUTOS = YES_AGGRESSIVE;
				GCC_WARN_UNUSED_FUNCTION = YES;
				GCC_WARN_UNUSED_VARIABLE = YES;
				IPHONEOS_DEPLOYMENT_TARGET = 17.5;
				LOCALIZATION_PREFERS_STRING_CATALOGS = YES;
				MTL_ENABLE_DEBUG_INFO = NO;
				MTL_FAST_MATH = YES;
				SDKROOT = iphoneos;
				SWIFT_COMPILATION_MODE = wholemodule;
				VALIDATE_PRODUCT = YES;
			};
			name = Release;
		};
		71878D422C1FBB0C00FB4A85 /* Debug */ = {
			isa = XCBuildConfiguration;
			buildSettings = {
				ASSETCATALOG_COMPILER_APPICON_NAME = AppIcon;
				ASSETCATALOG_COMPILER_GLOBAL_ACCENT_COLOR_NAME = AccentColor;
				CODE_SIGN_STYLE = Automatic;
				CURRENT_PROJECT_VERSION = 1;
				DEVELOPMENT_ASSET_PATHS = "\"Kennys Meals Admin/Preview Content\"";
				ENABLE_PREVIEWS = YES;
				GENERATE_INFOPLIST_FILE = YES;
				INFOPLIST_KEY_UIApplicationSceneManifest_Generation = YES;
				INFOPLIST_KEY_UIApplicationSupportsIndirectInputEvents = YES;
				INFOPLIST_KEY_UILaunchScreen_Generation = YES;
				INFOPLIST_KEY_UISupportedInterfaceOrientations_iPad = "UIInterfaceOrientationPortrait UIInterfaceOrientationPortraitUpsideDown UIInterfaceOrientationLandscapeLeft UIInterfaceOrientationLandscapeRight";
				INFOPLIST_KEY_UISupportedInterfaceOrientations_iPhone = "UIInterfaceOrientationPortrait UIInterfaceOrientationLandscapeLeft UIInterfaceOrientationLandscapeRight";
				LD_RUNPATH_SEARCH_PATHS = (
					"$(inherited)",
					"@executable_path/Frameworks",
				);
				MARKETING_VERSION = 1.0;
				PRODUCT_BUNDLE_IDENTIFIER = "com.kennys-meals.Kennys-Meals-Admin";
				PRODUCT_NAME = "$(TARGET_NAME)";
				SWIFT_EMIT_LOC_STRINGS = YES;
				SWIFT_VERSION = 5.0;
				TARGETED_DEVICE_FAMILY = "1,2";
			};
			name = Debug;
		};
		71878D432C1FBB0C00FB4A85 /* Release */ = {
			isa = XCBuildConfiguration;
			buildSettings = {
				ASSETCATALOG_COMPILER_APPICON_NAME = AppIcon;
				ASSETCATALOG_COMPILER_GLOBAL_ACCENT_COLOR_NAME = AccentColor;
				CODE_SIGN_STYLE = Automatic;
				CURRENT_PROJECT_VERSION = 1;
				DEVELOPMENT_ASSET_PATHS = "\"Kennys Meals Admin/Preview Content\"";
				ENABLE_PREVIEWS = YES;
				GENERATE_INFOPLIST_FILE = YES;
				INFOPLIST_KEY_UIApplicationSceneManifest_Generation = YES;
				INFOPLIST_KEY_UIApplicationSupportsIndirectInputEvents = YES;
				INFOPLIST_KEY_UILaunchScreen_Generation = YES;
				INFOPLIST_KEY_UISupportedInterfaceOrientations_iPad = "UIInterfaceOrientationPortrait UIInterfaceOrientationPortraitUpsideDown UIInterfaceOrientationLandscapeLeft UIInterfaceOrientationLandscapeRight";
				INFOPLIST_KEY_UISupportedInterfaceOrientations_iPhone = "UIInterfaceOrientationPortrait UIInterfaceOrientationLandscapeLeft UIInterfaceOrientationLandscapeRight";
				LD_RUNPATH_SEARCH_PATHS = (
					"$(inherited)",
					"@executable_path/Frameworks",
				);
				MARKETING_VERSION = 1.0;
				PRODUCT_BUNDLE_IDENTIFIER = "com.kennys-meals.Kennys-Meals-Admin";
				PRODUCT_NAME = "$(TARGET_NAME)";
				SWIFT_EMIT_LOC_STRINGS = YES;
				SWIFT_VERSION = 5.0;
				TARGETED_DEVICE_FAMILY = "1,2";
			};
			name = Release;
		};
		71878D452C1FBB0C00FB4A85 /* Debug */ = {
			isa = XCBuildConfiguration;
			buildSettings = {
				ALWAYS_EMBED_SWIFT_STANDARD_LIBRARIES = YES;
				BUNDLE_LOADER = "$(TEST_HOST)";
				CODE_SIGN_STYLE = Automatic;
				CURRENT_PROJECT_VERSION = 1;
				GENERATE_INFOPLIST_FILE = YES;
				IPHONEOS_DEPLOYMENT_TARGET = 17.5;
				MARKETING_VERSION = 1.0;
				PRODUCT_BUNDLE_IDENTIFIER = "com.kennys-meals.Kennys-Meals-AdminTests";
				PRODUCT_NAME = "$(TARGET_NAME)";
				SWIFT_EMIT_LOC_STRINGS = NO;
				SWIFT_VERSION = 5.0;
				TARGETED_DEVICE_FAMILY = "1,2";
				TEST_HOST = "$(BUILT_PRODUCTS_DIR)/Kennys Meals Admin.app/$(BUNDLE_EXECUTABLE_FOLDER_PATH)/Kennys Meals Admin";
			};
			name = Debug;
		};
		71878D462C1FBB0C00FB4A85 /* Release */ = {
			isa = XCBuildConfiguration;
			buildSettings = {
				ALWAYS_EMBED_SWIFT_STANDARD_LIBRARIES = YES;
				BUNDLE_LOADER = "$(TEST_HOST)";
				CODE_SIGN_STYLE = Automatic;
				CURRENT_PROJECT_VERSION = 1;
				GENERATE_INFOPLIST_FILE = YES;
				IPHONEOS_DEPLOYMENT_TARGET = 17.5;
				MARKETING_VERSION = 1.0;
				PRODUCT_BUNDLE_IDENTIFIER = "com.kennys-meals.Kennys-Meals-AdminTests";
				PRODUCT_NAME = "$(TARGET_NAME)";
				SWIFT_EMIT_LOC_STRINGS = NO;
				SWIFT_VERSION = 5.0;
				TARGETED_DEVICE_FAMILY = "1,2";
				TEST_HOST = "$(BUILT_PRODUCTS_DIR)/Kennys Meals Admin.app/$(BUNDLE_EXECUTABLE_FOLDER_PATH)/Kennys Meals Admin";
			};
			name = Release;
		};
		71878D482C1FBB0C00FB4A85 /* Debug */ = {
			isa = XCBuildConfiguration;
			buildSettings = {
				ALWAYS_EMBED_SWIFT_STANDARD_LIBRARIES = YES;
				CODE_SIGN_STYLE = Automatic;
				CURRENT_PROJECT_VERSION = 1;
				GENERATE_INFOPLIST_FILE = YES;
				MARKETING_VERSION = 1.0;
				PRODUCT_BUNDLE_IDENTIFIER = "com.kennys-meals.Kennys-Meals-AdminUITests";
				PRODUCT_NAME = "$(TARGET_NAME)";
				SWIFT_EMIT_LOC_STRINGS = NO;
				SWIFT_VERSION = 5.0;
				TARGETED_DEVICE_FAMILY = "1,2";
				TEST_TARGET_NAME = "Kennys Meals Admin";
			};
			name = Debug;
		};
		71878D492C1FBB0C00FB4A85 /* Release */ = {
			isa = XCBuildConfiguration;
			buildSettings = {
				ALWAYS_EMBED_SWIFT_STANDARD_LIBRARIES = YES;
				CODE_SIGN_STYLE = Automatic;
				CURRENT_PROJECT_VERSION = 1;
				GENERATE_INFOPLIST_FILE = YES;
				MARKETING_VERSION = 1.0;
				PRODUCT_BUNDLE_IDENTIFIER = "com.kennys-meals.Kennys-Meals-AdminUITests";
				PRODUCT_NAME = "$(TARGET_NAME)";
				SWIFT_EMIT_LOC_STRINGS = NO;
				SWIFT_VERSION = 5.0;
				TARGETED_DEVICE_FAMILY = "1,2";
				TEST_TARGET_NAME = "Kennys Meals Admin";
			};
			name = Release;
		};
/* End XCBuildConfiguration section */

/* Begin XCConfigurationList section */
		71878D182C1FBB0900FB4A85 /* Build configuration list for PBXProject "Kennys Meals Admin" */ = {
			isa = XCConfigurationList;
			buildConfigurations = (
				71878D3F2C1FBB0C00FB4A85 /* Debug */,
				71878D402C1FBB0C00FB4A85 /* Release */,
			);
			defaultConfigurationIsVisible = 0;
			defaultConfigurationName = Release;
		};
		71878D412C1FBB0C00FB4A85 /* Build configuration list for PBXNativeTarget "Kennys Meals Admin" */ = {
			isa = XCConfigurationList;
			buildConfigurations = (
				71878D422C1FBB0C00FB4A85 /* Debug */,
				71878D432C1FBB0C00FB4A85 /* Release */,
			);
			defaultConfigurationIsVisible = 0;
			defaultConfigurationName = Release;
		};
		71878D442C1FBB0C00FB4A85 /* Build configuration list for PBXNativeTarget "Kennys Meals AdminTests" */ = {
			isa = XCConfigurationList;
			buildConfigurations = (
				71878D452C1FBB0C00FB4A85 /* Debug */,
				71878D462C1FBB0C00FB4A85 /* Release */,
			);
			defaultConfigurationIsVisible = 0;
			defaultConfigurationName = Release;
		};
		71878D472C1FBB0C00FB4A85 /* Build configuration list for PBXNativeTarget "Kennys Meals AdminUITests" */ = {
			isa = XCConfigurationList;
			buildConfigurations = (
				71878D482C1FBB0C00FB4A85 /* Debug */,
				71878D492C1FBB0C00FB4A85 /* Release */,
			);
			defaultConfigurationIsVisible = 0;
			defaultConfigurationName = Release;
		};
/* End XCConfigurationList section */
	};
	rootObject = 71878D152C1FBB0900FB4A85 /* Project object */;
}
